// !$*UTF8*$!
{
	archiveVersion = 1;
	classes = {
	};
	objectVersion = 46;
	objects = {

/* Begin PBXBuildFile section */
		994BB7391F696A0D00180925 /* AppDelegate.swift in Sources */ = {isa = PBXBuildFile; fileRef = 994BB7381F696A0D00180925 /* AppDelegate.swift */; };
		994BB73B1F696A0D00180925 /* ViewController.swift in Sources */ = {isa = PBXBuildFile; fileRef = 994BB73A1F696A0D00180925 /* ViewController.swift */; };
		994BB73E1F696A0D00180925 /* Main.storyboard in Resources */ = {isa = PBXBuildFile; fileRef = 994BB73C1F696A0D00180925 /* Main.storyboard */; };
		994BB7401F696A0D00180925 /* Assets.xcassets in Resources */ = {isa = PBXBuildFile; fileRef = 994BB73F1F696A0D00180925 /* Assets.xcassets */; };
		994BB7431F696A0D00180925 /* LaunchScreen.storyboard in Resources */ = {isa = PBXBuildFile; fileRef = 994BB7411F696A0D00180925 /* LaunchScreen.storyboard */; };
		994BB74B1F696A3E00180925 /* AlertVw.swift in Sources */ = {isa = PBXBuildFile; fileRef = 994BB74A1F696A3E00180925 /* AlertVw.swift */; };
		994BB74D1F696A7700180925 /* alertProtocol.swift in Sources */ = {isa = PBXBuildFile; fileRef = 994BB74C1F696A7700180925 /* alertProtocol.swift */; };
/* End PBXBuildFile section */

/* Begin PBXFileReference section */
		994BB7351F696A0D00180925 /* AlertView.app */ = {isa = PBXFileReference; explicitFileType = wrapper.application; includeInIndex = 0; path = AlertView.app; sourceTree = BUILT_PRODUCTS_DIR; };
		994BB7381F696A0D00180925 /* AppDelegate.swift */ = {isa = PBXFileReference; lastKnownFileType = sourcecode.swift; path = AppDelegate.swift; sourceTree = "<group>"; };
		994BB73A1F696A0D00180925 /* ViewController.swift */ = {isa = PBXFileReference; lastKnownFileType = sourcecode.swift; path = ViewController.swift; sourceTree = "<group>"; };
		994BB73D1F696A0D00180925 /* Base */ = {isa = PBXFileReference; lastKnownFileType = file.storyboard; name = Base; path = Base.lproj/Main.storyboard; sourceTree = "<group>"; };
		994BB73F1F696A0D00180925 /* Assets.xcassets */ = {isa = PBXFileReference; lastKnownFileType = folder.assetcatalog; path = Assets.xcassets; sourceTree = "<group>"; };
		994BB7421F696A0D00180925 /* Base */ = {isa = PBXFileReference; lastKnownFileType = file.storyboard; name = Base; path = Base.lproj/LaunchScreen.storyboard; sourceTree = "<group>"; };
		994BB7441F696A0E00180925 /* Info.plist */ = {isa = PBXFileReference; lastKnownFileType = text.plist.xml; path = Info.plist; sourceTree = "<group>"; };
		994BB74A1F696A3E00180925 /* AlertVw.swift */ = {isa = PBXFileReference; fileEncoding = 4; lastKnownFileType = sourcecode.swift; path = AlertVw.swift; sourceTree = "<group>"; };
		994BB74C1F696A7700180925 /* alertProtocol.swift */ = {isa = PBXFileReference; fileEncoding = 4; lastKnownFileType = sourcecode.swift; path = alertProtocol.swift; sourceTree = "<group>"; };
/* End PBXFileReference section */

/* Begin PBXFrameworksBuildPhase section */
		994BB7321F696A0D00180925 /* Frameworks */ = {
			isa = PBXFrameworksBuildPhase;
			buildActionMask = 2147483647;
			files = (
			);
			runOnlyForDeploymentPostprocessing = 0;
		};
/* End PBXFrameworksBuildPhase section */

/* Begin PBXGroup section */
		994BB72C1F696A0D00180925 = {
			isa = PBXGroup;
			children = (
				994BB7371F696A0D00180925 /* AlertView */,
				994BB7361F696A0D00180925 /* Products */,
			);
			sourceTree = "<group>";
		};
		994BB7361F696A0D00180925 /* Products */ = {
			isa = PBXGroup;
			children = (
				994BB7351F696A0D00180925 /* AlertView.app */,
			);
			name = Products;
			sourceTree = "<group>";
		};
		994BB7371F696A0D00180925 /* AlertView */ = {
			isa = PBXGroup;
			children = (
				994BB7381F696A0D00180925 /* AppDelegate.swift */,
				994BB73A1F696A0D00180925 /* ViewController.swift */,
				994BB74A1F696A3E00180925 /* AlertVw.swift */,
				994BB74C1F696A7700180925 /* alertProtocol.swift */,
				994BB73C1F696A0D00180925 /* Main.storyboard */,
				994BB73F1F696A0D00180925 /* Assets.xcassets */,
				994BB7411F696A0D00180925 /* LaunchScreen.storyboard */,
				994BB7441F696A0E00180925 /* Info.plist */,
			);
			path = AlertView;
			sourceTree = "<group>";
		};
/* End PBXGroup section */

/* Begin PBXNativeTarget section */
		994BB7341F696A0D00180925 /* AlertView */ = {
			isa = PBXNativeTarget;
			buildConfigurationList = 994BB7471F696A0E00180925 /* Build configuration list for PBXNativeTarget "AlertView" */;
			buildPhases = (
				994BB7311F696A0D00180925 /* Sources */,
				994BB7321F696A0D00180925 /* Frameworks */,
				994BB7331F696A0D00180925 /* Resources */,
			);
			buildRules = (
			);
			dependencies = (
			);
			name = AlertView;
			productName = AlertView;
			productReference = 994BB7351F696A0D00180925 /* AlertView.app */;
			productType = "com.apple.product-type.application";
		};
/* End PBXNativeTarget section */

/* Begin PBXProject section */
		994BB72D1F696A0D00180925 /* Project object */ = {
			isa = PBXProject;
			attributes = {
				LastSwiftUpdateCheck = 0830;
				LastUpgradeCheck = 0830;
				ORGANIZATIONNAME = e0000068;
				TargetAttributes = {
					994BB7341F696A0D00180925 = {
						CreatedOnToolsVersion = 8.3.3;
						DevelopmentTeam = FTY3JJU23T;
						ProvisioningStyle = Automatic;
					};
				};
			};
			buildConfigurationList = 994BB7301F696A0D00180925 /* Build configuration list for PBXProject "AlertView" */;
			compatibilityVersion = "Xcode 3.2";
			developmentRegion = English;
			hasScannedForEncodings = 0;
			knownRegions = (
				en,
				Base,
			);
			mainGroup = 994BB72C1F696A0D00180925;
			productRefGroup = 994BB7361F696A0D00180925 /* Products */;
			projectDirPath = "";
			projectRoot = "";
			targets = (
				994BB7341F696A0D00180925 /* AlertView */,
			);
		};
/* End PBXProject section */

/* Begin PBXResourcesBuildPhase section */
		994BB7331F696A0D00180925 /* Resources */ = {
			isa = PBXResourcesBuildPhase;
			buildActionMask = 2147483647;
			files = (
				994BB7431F696A0D00180925 /* LaunchScreen.storyboard in Resources */,
				994BB7401F696A0D00180925 /* Assets.xcassets in Resources */,
				994BB73E1F696A0D00180925 /* Main.storyboard in Resources */,
			);
			runOnlyForDeploymentPostprocessing = 0;
		};
/* End PBXResourcesBuildPhase section */

/* Begin PBXSourcesBuildPhase section */
		994BB7311F696A0D00180925 /* Sources */ = {
			isa = PBXSourcesBuildPhase;
			buildActionMask = 2147483647;
			files = (
				994BB74D1F696A7700180925 /* alertProtocol.swift in Sources */,
				994BB74B1F696A3E00180925 /* AlertVw.swift in Sources */,
				994BB73B1F696A0D00180925 /* ViewController.swift in Sources */,
				994BB7391F696A0D00180925 /* AppDelegate.swift in Sources */,
			);
			runOnlyForDeploymentPostprocessing = 0;
		};
/* End PBXSourcesBuildPhase section */

/* Begin PBXVariantGroup section */
		994BB73C1F696A0D00180925 /* Main.storyboard */ = {
			isa = PBXVariantGroup;
			children = (
				994BB73D1F696A0D00180925 /* Base */,
			);
			name = Main.storyboard;
			sourceTree = "<group>";
		};
		994BB7411F696A0D00180925 /* LaunchScreen.storyboard */ = {
			isa = PBXVariantGroup;
			children = (
				994BB7421F696A0D00180925 /* Base */,
			);
			name = LaunchScreen.storyboard;
			sourceTree = "<group>";
		};
/* End PBXVariantGroup section */

/* Begin XCBuildConfiguration section */
		994BB7451F696A0E00180925 /* Debug */ = {
			isa = XCBuildConfiguration;
			buildSettings = {
				ALWAYS_SEARCH_USER_PATHS = NO;
				CLANG_ANALYZER_NONNULL = YES;
				CLANG_ANALYZER_NUMBER_OBJECT_CONVERSION = YES_AGGRESSIVE;
				CLANG_CXX_LANGUAGE_STANDARD = "gnu++0x";
				CLANG_CXX_LIBRARY = "libc++";
				CLANG_ENABLE_MODULES = YES;
				CLANG_ENABLE_OBJC_ARC = YES;
				CLANG_WARN_BOOL_CONVERSION = YES;
				CLANG_WARN_CONSTANT_CONVERSION = YES;
				CLANG_WARN_DIRECT_OBJC_ISA_USAGE = YES_ERROR;
				CLANG_WARN_DOCUMENTATION_COMMENTS = YES;
				CLANG_WARN_EMPTY_BODY = YES;
				CLANG_WARN_ENUM_CONVERSION = YES;
				CLANG_WARN_INFINITE_RECURSION = YES;
				CLANG_WARN_INT_CONVERSION = YES;
				CLANG_WARN_OBJC_ROOT_CLASS = YES_ERROR;
				CLANG_WARN_SUSPICIOUS_MOVE = YES;
				CLANG_WARN_UNREACHABLE_CODE = YES;
				CLANG_WARN__DUPLICATE_METHOD_MATCH = YES;
				"CODE_SIGN_IDENTITY[sdk=iphoneos*]" = "iPhone Developer";
				COPY_PHASE_STRIP = NO;
				DEBUG_INFORMATION_FORMAT = dwarf;
				ENABLE_STRICT_OBJC_MSGSEND = YES;
				ENABLE_TESTABILITY = YES;
				GCC_C_LANGUAGE_STANDARD = gnu99;
				GCC_DYNAMIC_NO_PIC = NO;
				GCC_NO_COMMON_BLOCKS = YES;
				GCC_OPTIMIZATION_LEVEL = 0;
				GCC_PREPROCESSOR_DEFINITIONS = (
					"DEBUG=1",
					"$(inherited)",
				);
				GCC_WARN_64_TO_32_BIT_CONVERSION = YES;
				GCC_WARN_ABOUT_RETURN_TYPE = YES_ERROR;
				GCC_WARN_UNDECLARED_SELECTOR = YES;
				GCC_WARN_UNINITIALIZED_AUTOS = YES_AGGRESSIVE;
				GCC_WARN_UNUSED_FUNCTION = YES;
				GCC_WARN_UNUSED_VARIABLE = YES;
				IPHONEOS_DEPLOYMENT_TARGET = 10.3;
				MTL_ENABLE_DEBUG_INFO = YES;
				ONLY_ACTIVE_ARCH = YES;
				SDKROOT = iphoneos;
				SWIFT_ACTIVE_COMPILATION_CONDITIONS = DEBUG;
				SWIFT_OPTIMIZATION_LEVEL = "-Onone";
			};
			name = Debug;
		};
		994BB7461F696A0E00180925 /* Release */ = {
			isa = XCBuildConfiguration;
			buildSettings = {
				ALWAYS_SEARCH_USER_PATHS = NO;
				CLANG_ANALYZER_NONNULL = YES;
				CLANG_ANALYZER_NUMBER_OBJECT_CONVERSION = YES_AGGRESSIVE;
				CLANG_CXX_LANGUAGE_STANDARD = "gnu++0x";
				CLANG_CXX_LIBRARY = "libc++";
				CLANG_ENABLE_MODULES = YES;
				CLANG_ENABLE_OBJC_ARC = YES;
				CLANG_WARN_BOOL_CONVERSION = YES;
				CLANG_WARN_CONSTANT_CONVERSION = YES;
				CLANG_WARN_DIRECT_OBJC_ISA_USAGE = YES_ERROR;
				CLANG_WARN_DOCUMENTATION_COMMENTS = YES;
				CLANG_WARN_EMPTY_BODY = YES;
				CLANG_WARN_ENUM_CONVERSION = YES;
				CLANG_WARN_INFINITE_RECURSION = YES;
				CLANG_WARN_INT_CONVERSION = YES;
				CLANG_WARN_OBJC_ROOT_CLASS = YES_ERROR;
				CLANG_WARN_SUSPICIOUS_MOVE = YES;
				CLANG_WARN_UNREACHABLE_CODE = YES;
				CLANG_WARN__DUPLICATE_METHOD_MATCH = YES;
				"CODE_SIGN_IDENTITY[sdk=iphoneos*]" = "iPhone Developer";
				COPY_PHASE_STRIP = NO;
				DEBUG_INFORMATION_FORMAT = "dwarf-with-dsym";
				ENABLE_NS_ASSERTIONS = NO;
				ENABLE_STRICT_OBJC_MSGSEND = YES;
				GCC_C_LANGUAGE_STANDARD = gnu99;
				GCC_NO_COMMON_BLOCKS = YES;
				GCC_WARN_64_TO_32_BIT_CONVERSION = YES;
				GCC_WARN_ABOUT_RETURN_TYPE = YES_ERROR;
				GCC_WARN_UNDECLARED_SELECTOR = YES;
				GCC_WARN_UNINITIALIZED_AUTOS = YES_AGGRESSIVE;
				GCC_WARN_UNUSED_FUNCTION = YES;
				GCC_WARN_UNUSED_VARIABLE = YES;
				IPHONEOS_DEPLOYMENT_TARGET = 10.3;
				MTL_ENABLE_DEBUG_INFO = NO;
				SDKROOT = iphoneos;
				SWIFT_OPTIMIZATION_LEVEL = "-Owholemodule";
				VALIDATE_PRODUCT = YES;
			};
			name = Release;
		};
		994BB7481F696A0E00180925 /* Debug */ = {
			isa = XCBuildConfiguration;
			buildSettings = {
				ASSETCATALOG_COMPILER_APPICON_NAME = AppIcon;
				DEVELOPMENT_TEAM = FTY3JJU23T;
				INFOPLIST_FILE = AlertView/Info.plist;
				LD_RUNPATH_SEARCH_PATHS = "$(inherited) @executable_path/Frameworks";
				PRODUCT_BUNDLE_IDENTIFIER = snovabits.AlertView;
				PRODUCT_NAME = "$(TARGET_NAME)";
				SWIFT_VERSION = 3.0;
			};
			name = Debug;
		};
		994BB7491F696A0E00180925 /* Release */ = {
			isa = XCBuildConfiguration;
			buildSettings = {
				ASSETCATALOG_COMPILER_APPICON_NAME = AppIcon;
				DEVELOPMENT_TEAM = FTY3JJU23T;
				INFOPLIST_FILE = AlertView/Info.plist;
				LD_RUNPATH_SEARCH_PATHS = "$(inherited) @executable_path/Frameworks";
				PRODUCT_BUNDLE_IDENTIFIER = snovabits.AlertView;
				PRODUCT_NAME = "$(TARGET_NAME)";
				SWIFT_VERSION = 3.0;
			};
			name = Release;
		};
/* End XCBuildConfiguration section */

/* Begin XCConfigurationList section */
		994BB7301F696A0D00180925 /* Build configuration list for PBXProject "AlertView" */ = {
			isa = XCConfigurationList;
			buildConfigurations = (
				994BB7451F696A0E00180925 /* Debug */,
				994BB7461F696A0E00180925 /* Release */,
			);
			defaultConfigurationIsVisible = 0;
			defaultConfigurationName = Release;
		};
		994BB7471F696A0E00180925 /* Build configuration list for PBXNativeTarget "AlertView" */ = {
			isa = XCConfigurationList;
			buildConfigurations = (
				994BB7481F696A0E00180925 /* Debug */,
				994BB7491F696A0E00180925 /* Release */,
			);
			defaultConfigurationIsVisible = 0;
		};
/* End XCConfigurationList section */
	};
	rootObject = 994BB72D1F696A0D00180925 /* Project object */;
}
